
Microsoft Visual Studio Solution File, Format Version 12.00
# Visual Studio Version 16
VisualStudioVersion = 16.0.30907.101
MinimumVisualStudioVersion = 10.0.40219.1
Project("{9A19103F-16F7-4668-BE54-9A1E7A4F7556}") = "CoreBot", "CoreBot.csproj", "{E39E810C-C8A4-4162-92F3-1F732CAABEEC}"
EndProject
Global
	GlobalSection(SolutionConfigurationPlatforms) = preSolution
		Debug|Any CPU = Debug|Any CPU
		Release|Any CPU = Release|Any CPU
	EndGlobalSection
	GlobalSection(ProjectConfigurationPlatforms) = postSolution
		{E39E810C-C8A4-4162-92F3-1F732CAABEEC}.Debug|Any CPU.ActiveCfg = Debug|Any CPU
		{E39E810C-C8A4-4162-92F3-1F732CAABEEC}.Debug|Any CPU.Build.0 = Debug|Any CPU
		{E39E810C-C8A4-4162-92F3-1F732CAABEEC}.Release|Any CPU.ActiveCfg = Release|Any CPU
		{E39E810C-C8A4-4162-92F3-1F732CAABEEC}.Release|Any CPU.Build.0 = Release|Any CPU
	EndGlobalSection
	GlobalSection(SolutionProperties) = preSolution
		HideSolutionNode = FALSE
	EndGlobalSection
	GlobalSection(ExtensibilityGlobals) = postSolution
		SolutionGuid = {6B6ED3F3-7F9B-4D96-B115-948CA9BB4D79}
	EndGlobalSection
EndGlobal
